// !$*UTF8*$!
{
	archiveVersion = 1;
	classes = {
	};
	objectVersion = 56;
	objects = {

/* Begin PBXBuildFile section */
		0FA3683B2A740C6D00E63890 /* AppDelegate.swift in Sources */ = {isa = PBXBuildFile; fileRef = 0FA3683A2A740C6D00E63890 /* AppDelegate.swift */; };
		0FA3683F2A740C6D00E63890 /* ViewController.swift in Sources */ = {isa = PBXBuildFile; fileRef = 0FA3683E2A740C6D00E63890 /* ViewController.swift */; };
		0FA368442A740C6F00E63890 /* Assets.xcassets in Resources */ = {isa = PBXBuildFile; fileRef = 0FA368432A740C6F00E63890 /* Assets.xcassets */; };
		0FA368472A740C6F00E63890 /* LaunchScreen.storyboard in Resources */ = {isa = PBXBuildFile; fileRef = 0FA368452A740C6F00E63890 /* LaunchScreen.storyboard */; };
		0FA368582A740ED900E63890 /* Car.swift in Sources */ = {isa = PBXBuildFile; fileRef = 0FA368572A740ED900E63890 /* Car.swift */; };
		0FA3685A2A740EEB00E63890 /* RealmUtil.swift in Sources */ = {isa = PBXBuildFile; fileRef = 0FA368592A740EEB00E63890 /* RealmUtil.swift */; };
		0FA3685C2A740EF700E63890 /* CarListVC.swift in Sources */ = {isa = PBXBuildFile; fileRef = 0FA3685B2A740EF700E63890 /* CarListVC.swift */; };
		0FA3685F2A740FE400E63890 /* Realm in Frameworks */ = {isa = PBXBuildFile; productRef = 0FA3685E2A740FE400E63890 /* Realm */; };
		0FA368612A740FE400E63890 /* RealmSwift in Frameworks */ = {isa = PBXBuildFile; productRef = 0FA368602A740FE400E63890 /* RealmSwift */; };
		0FA368632A74107A00E63890 /* CarListVM.swift in Sources */ = {isa = PBXBuildFile; fileRef = 0FA368622A74107A00E63890 /* CarListVM.swift */; };
		0FA368652A755DB200E63890 /* Cell.xib in Resources */ = {isa = PBXBuildFile; fileRef = 0FA368642A755DB200E63890 /* Cell.xib */; };
		0FA368672A755E0F00E63890 /* Cell.swift in Sources */ = {isa = PBXBuildFile; fileRef = 0FA368662A755E0F00E63890 /* Cell.swift */; };
		0FA891322A75F45400621EC3 /* BaseDAO.swift in Sources */ = {isa = PBXBuildFile; fileRef = 0FA891312A75F45400621EC3 /* BaseDAO.swift */; };
		0FA891342A75F8E600621EC3 /* CarDAO.swift in Sources */ = {isa = PBXBuildFile; fileRef = 0FA891332A75F8E600621EC3 /* CarDAO.swift */; };
		0FA891362A76008D00621EC3 /* CarService.swift in Sources */ = {isa = PBXBuildFile; fileRef = 0FA891352A76008D00621EC3 /* CarService.swift */; };
		0FBCEC8B2A765AB500E05580 /* Publishers+Extension.swift in Sources */ = {isa = PBXBuildFile; fileRef = 0FBCEC8A2A765AB500E05580 /* Publishers+Extension.swift */; };
/* End PBXBuildFile section */

/* Begin PBXFileReference section */
		0FA368372A740C6D00E63890 /* RealmDemo.app */ = {isa = PBXFileReference; explicitFileType = wrapper.application; includeInIndex = 0; path = RealmDemo.app; sourceTree = BUILT_PRODUCTS_DIR; };
		0FA3683A2A740C6D00E63890 /* AppDelegate.swift */ = {isa = PBXFileReference; lastKnownFileType = sourcecode.swift; path = AppDelegate.swift; sourceTree = "<group>"; };
		0FA3683E2A740C6D00E63890 /* ViewController.swift */ = {isa = PBXFileReference; lastKnownFileType = sourcecode.swift; path = ViewController.swift; sourceTree = "<group>"; };
		0FA368432A740C6F00E63890 /* Assets.xcassets */ = {isa = PBXFileReference; lastKnownFileType = folder.assetcatalog; path = Assets.xcassets; sourceTree = "<group>"; };
		0FA368462A740C6F00E63890 /* Base */ = {isa = PBXFileReference; lastKnownFileType = file.storyboard; name = Base; path = Base.lproj/LaunchScreen.storyboard; sourceTree = "<group>"; };
		0FA368482A740C6F00E63890 /* Info.plist */ = {isa = PBXFileReference; lastKnownFileType = text.plist.xml; path = Info.plist; sourceTree = "<group>"; };
		0FA368572A740ED900E63890 /* Car.swift */ = {isa = PBXFileReference; lastKnownFileType = sourcecode.swift; path = Car.swift; sourceTree = "<group>"; };
		0FA368592A740EEB00E63890 /* RealmUtil.swift */ = {isa = PBXFileReference; lastKnownFileType = sourcecode.swift; path = RealmUtil.swift; sourceTree = "<group>"; };
		0FA3685B2A740EF700E63890 /* CarListVC.swift */ = {isa = PBXFileReference; lastKnownFileType = sourcecode.swift; path = CarListVC.swift; sourceTree = "<group>"; };
		0FA368622A74107A00E63890 /* CarListVM.swift */ = {isa = PBXFileReference; lastKnownFileType = sourcecode.swift; path = CarListVM.swift; sourceTree = "<group>"; };
		0FA368642A755DB200E63890 /* Cell.xib */ = {isa = PBXFileReference; lastKnownFileType = file.xib; path = Cell.xib; sourceTree = "<group>"; };
		0FA368662A755E0F00E63890 /* Cell.swift */ = {isa = PBXFileReference; lastKnownFileType = sourcecode.swift; path = Cell.swift; sourceTree = "<group>"; };
		0FA891312A75F45400621EC3 /* BaseDAO.swift */ = {isa = PBXFileReference; lastKnownFileType = sourcecode.swift; path = BaseDAO.swift; sourceTree = "<group>"; };
		0FA891332A75F8E600621EC3 /* CarDAO.swift */ = {isa = PBXFileReference; lastKnownFileType = sourcecode.swift; path = CarDAO.swift; sourceTree = "<group>"; };
		0FA891352A76008D00621EC3 /* CarService.swift */ = {isa = PBXFileReference; lastKnownFileType = sourcecode.swift; path = CarService.swift; sourceTree = "<group>"; };
		0FBCEC8A2A765AB500E05580 /* Publishers+Extension.swift */ = {isa = PBXFileReference; lastKnownFileType = sourcecode.swift; path = "Publishers+Extension.swift"; sourceTree = "<group>"; };
/* End PBXFileReference section */

/* Begin PBXFrameworksBuildPhase section */
		0FA368342A740C6D00E63890 /* Frameworks */ = {
			isa = PBXFrameworksBuildPhase;
			buildActionMask = 2147483647;
			files = (
				0FA368612A740FE400E63890 /* RealmSwift in Frameworks */,
				0FA3685F2A740FE400E63890 /* Realm in Frameworks */,
			);
			runOnlyForDeploymentPostprocessing = 0;
		};
/* End PBXFrameworksBuildPhase section */

/* Begin PBXGroup section */
		0FA3682E2A740C6D00E63890 = {
			isa = PBXGroup;
			children = (
				0FA368392A740C6D00E63890 /* aaa */,
				0FA368382A740C6D00E63890 /* Products */,
			);
			sourceTree = "<group>";
		};
		0FA368382A740C6D00E63890 /* Products */ = {
			isa = PBXGroup;
			children = (
				0FA368372A740C6D00E63890 /* RealmDemo.app */,
			);
			name = Products;
			sourceTree = "<group>";
		};
		0FA368392A740C6D00E63890 /* aaa */ = {
			isa = PBXGroup;
			children = (
				0FA368522A740EA800E63890 /* Sources */,
				0FA3683A2A740C6D00E63890 /* AppDelegate.swift */,
				0FA3683E2A740C6D00E63890 /* ViewController.swift */,
				0FA368432A740C6F00E63890 /* Assets.xcassets */,
				0FA368452A740C6F00E63890 /* LaunchScreen.storyboard */,
				0FA368482A740C6F00E63890 /* Info.plist */,
			);
			path = aaa;
			sourceTree = "<group>";
		};
		0FA368522A740EA800E63890 /* Sources */ = {
			isa = PBXGroup;
			children = (
				0FA8912F2A75F40400621EC3 /* Service */,
				0FA368562A740EC700E63890 /* ViewModel */,
				0FA368552A740EC300E63890 /* View */,
				0FA368542A740EBA00E63890 /* Util */,
				0FA368532A740EB600E63890 /* Model */,
			);
			path = Sources;
			sourceTree = "<group>";
		};
		0FA368532A740EB600E63890 /* Model */ = {
			isa = PBXGroup;
			children = (
				0FA368572A740ED900E63890 /* Car.swift */,
			);
			path = Model;
			sourceTree = "<group>";
		};
		0FA368542A740EBA00E63890 /* Util */ = {
			isa = PBXGroup;
			children = (
				0FBCEC892A765A9600E05580 /* Extension */,
				0FA368592A740EEB00E63890 /* RealmUtil.swift */,
			);
			path = Util;
			sourceTree = "<group>";
		};
		0FA368552A740EC300E63890 /* View */ = {
			isa = PBXGroup;
			children = (
				0FA3685B2A740EF700E63890 /* CarListVC.swift */,
				0FA368642A755DB200E63890 /* Cell.xib */,
				0FA368662A755E0F00E63890 /* Cell.swift */,
			);
			path = View;
			sourceTree = "<group>";
		};
		0FA368562A740EC700E63890 /* ViewModel */ = {
			isa = PBXGroup;
			children = (
				0FA368622A74107A00E63890 /* CarListVM.swift */,
			);
			path = ViewModel;
			sourceTree = "<group>";
		};
		0FA8912F2A75F40400621EC3 /* Service */ = {
			isa = PBXGroup;
			children = (
				0FA891302A75F40A00621EC3 /* dao */,
				0FA891352A76008D00621EC3 /* CarService.swift */,
			);
			path = Service;
			sourceTree = "<group>";
		};
		0FA891302A75F40A00621EC3 /* dao */ = {
			isa = PBXGroup;
			children = (
				0FA891312A75F45400621EC3 /* BaseDAO.swift */,
				0FA891332A75F8E600621EC3 /* CarDAO.swift */,
			);
			path = dao;
			sourceTree = "<group>";
		};
		0FBCEC892A765A9600E05580 /* Extension */ = {
			isa = PBXGroup;
			children = (
				0FBCEC8A2A765AB500E05580 /* Publishers+Extension.swift */,
			);
			path = Extension;
			sourceTree = "<group>";
		};
/* End PBXGroup section */

/* Begin PBXNativeTarget section */
		0FA368362A740C6D00E63890 /* RealmDemo */ = {
			isa = PBXNativeTarget;
			buildConfigurationList = 0FA3684B2A740C6F00E63890 /* Build configuration list for PBXNativeTarget "RealmDemo" */;
			buildPhases = (
				0FA368332A740C6D00E63890 /* Sources */,
				0FA368342A740C6D00E63890 /* Frameworks */,
				0FA368352A740C6D00E63890 /* Resources */,
			);
			buildRules = (
			);
			dependencies = (
			);
			name = RealmDemo;
			packageProductDependencies = (
				0FA3685E2A740FE400E63890 /* Realm */,
				0FA368602A740FE400E63890 /* RealmSwift */,
			);
			productName = aaa;
			productReference = 0FA368372A740C6D00E63890 /* RealmDemo.app */;
			productType = "com.apple.product-type.application";
		};
/* End PBXNativeTarget section */

/* Begin PBXProject section */
		0FA3682F2A740C6D00E63890 /* Project object */ = {
			isa = PBXProject;
			attributes = {
				BuildIndependentTargetsInParallel = 1;
				LastSwiftUpdateCheck = 1430;
				LastUpgradeCheck = 1430;
				TargetAttributes = {
					0FA368362A740C6D00E63890 = {
						CreatedOnToolsVersion = 14.3.1;
					};
				};
			};
			buildConfigurationList = 0FA368322A740C6D00E63890 /* Build configuration list for PBXProject "aaa" */;
			compatibilityVersion = "Xcode 14.0";
			developmentRegion = en;
			hasScannedForEncodings = 0;
			knownRegions = (
				en,
				Base,
			);
			mainGroup = 0FA3682E2A740C6D00E63890;
			packageReferences = (
				0FA3685D2A740FE400E63890 /* XCRemoteSwiftPackageReference "realm-swift" */,
			);
			productRefGroup = 0FA368382A740C6D00E63890 /* Products */;
			projectDirPath = "";
			projectRoot = "";
			targets = (
				0FA368362A740C6D00E63890 /* RealmDemo */,
			);
		};
/* End PBXProject section */

/* Begin PBXResourcesBuildPhase section */
		0FA368352A740C6D00E63890 /* Resources */ = {
			isa = PBXResourcesBuildPhase;
			buildActionMask = 2147483647;
			files = (
				0FA368472A740C6F00E63890 /* LaunchScreen.storyboard in Resources */,
				0FA368652A755DB200E63890 /* Cell.xib in Resources */,
				0FA368442A740C6F00E63890 /* Assets.xcassets in Resources */,
			);
			runOnlyForDeploymentPostprocessing = 0;
		};
/* End PBXResourcesBuildPhase section */

/* Begin PBXSourcesBuildPhase section */
		0FA368332A740C6D00E63890 /* Sources */ = {
			isa = PBXSourcesBuildPhase;
			buildActionMask = 2147483647;
			files = (
				0FA3685C2A740EF700E63890 /* CarListVC.swift in Sources */,
				0FA368632A74107A00E63890 /* CarListVM.swift in Sources */,
				0FA891362A76008D00621EC3 /* CarService.swift in Sources */,
				0FA368672A755E0F00E63890 /* Cell.swift in Sources */,
				0FA891342A75F8E600621EC3 /* CarDAO.swift in Sources */,
				0FA3683F2A740C6D00E63890 /* ViewController.swift in Sources */,
				0FA3685A2A740EEB00E63890 /* RealmUtil.swift in Sources */,
				0FA3683B2A740C6D00E63890 /* AppDelegate.swift in Sources */,
				0FA368582A740ED900E63890 /* Car.swift in Sources */,
				0FBCEC8B2A765AB500E05580 /* Publishers+Extension.swift in Sources */,
				0FA891322A75F45400621EC3 /* BaseDAO.swift in Sources */,
			);
			runOnlyForDeploymentPostprocessing = 0;
		};
/* End PBXSourcesBuildPhase section */

/* Begin PBXVariantGroup section */
		0FA368452A740C6F00E63890 /* LaunchScreen.storyboard */ = {
			isa = PBXVariantGroup;
			children = (
				0FA368462A740C6F00E63890 /* Base */,
			);
			name = LaunchScreen.storyboard;
			sourceTree = "<group>";
		};
/* End PBXVariantGroup section */

/* Begin XCBuildConfiguration section */
		0FA368492A740C6F00E63890 /* Debug */ = {
			isa = XCBuildConfiguration;
			buildSettings = {
				ALWAYS_SEARCH_USER_PATHS = NO;
				CLANG_ANALYZER_NONNULL = YES;
				CLANG_ANALYZER_NUMBER_OBJECT_CONVERSION = YES_AGGRESSIVE;
				CLANG_CXX_LANGUAGE_STANDARD = "gnu++20";
				CLANG_ENABLE_MODULES = YES;
				CLANG_ENABLE_OBJC_ARC = YES;
				CLANG_ENABLE_OBJC_WEAK = YES;
				CLANG_WARN_BLOCK_CAPTURE_AUTORELEASING = YES;
				CLANG_WARN_BOOL_CONVERSION = YES;
				CLANG_WARN_COMMA = YES;
				CLANG_WARN_CONSTANT_CONVERSION = YES;
				CLANG_WARN_DEPRECATED_OBJC_IMPLEMENTATIONS = YES;
				CLANG_WARN_DIRECT_OBJC_ISA_USAGE = YES_ERROR;
				CLANG_WARN_DOCUMENTATION_COMMENTS = YES;
				CLANG_WARN_EMPTY_BODY = YES;
				CLANG_WARN_ENUM_CONVERSION = YES;
				CLANG_WARN_INFINITE_RECURSION = YES;
				CLANG_WARN_INT_CONVERSION = YES;
				CLANG_WARN_NON_LITERAL_NULL_CONVERSION = YES;
				CLANG_WARN_OBJC_IMPLICIT_RETAIN_SELF = YES;
				CLANG_WARN_OBJC_LITERAL_CONVERSION = YES;
				CLANG_WARN_OBJC_ROOT_CLASS = YES_ERROR;
				CLANG_WARN_QUOTED_INCLUDE_IN_FRAMEWORK_HEADER = YES;
				CLANG_WARN_RANGE_LOOP_ANALYSIS = YES;
				CLANG_WARN_STRICT_PROTOTYPES = YES;
				CLANG_WARN_SUSPICIOUS_MOVE = YES;
				CLANG_WARN_UNGUARDED_AVAILABILITY = YES_AGGRESSIVE;
				CLANG_WARN_UNREACHABLE_CODE = YES;
				CLANG_WARN__DUPLICATE_METHOD_MATCH = YES;
				COPY_PHASE_STRIP = NO;
				DEBUG_INFORMATION_FORMAT = dwarf;
				ENABLE_STRICT_OBJC_MSGSEND = YES;
				ENABLE_TESTABILITY = YES;
				GCC_C_LANGUAGE_STANDARD = gnu11;
				GCC_DYNAMIC_NO_PIC = NO;
				GCC_NO_COMMON_BLOCKS = YES;
				GCC_OPTIMIZATION_LEVEL = 0;
				GCC_PREPROCESSOR_DEFINITIONS = (
					"DEBUG=1",
					"$(inherited)",
				);
				GCC_WARN_64_TO_32_BIT_CONVERSION = YES;
				GCC_WARN_ABOUT_RETURN_TYPE = YES_ERROR;
				GCC_WARN_UNDECLARED_SELECTOR = YES;
				GCC_WARN_UNINITIALIZED_AUTOS = YES_AGGRESSIVE;
				GCC_WARN_UNUSED_FUNCTION = YES;
				GCC_WARN_UNUSED_VARIABLE = YES;
				IPHONEOS_DEPLOYMENT_TARGET = 16.4;
				MTL_ENABLE_DEBUG_INFO = INCLUDE_SOURCE;
				MTL_FAST_MATH = YES;
				ONLY_ACTIVE_ARCH = YES;
				SDKROOT = iphoneos;
				SWIFT_ACTIVE_COMPILATION_CONDITIONS = DEBUG;
				SWIFT_OPTIMIZATION_LEVEL = "-Onone";
			};
			name = Debug;
		};
		0FA3684A2A740C6F00E63890 /* Release */ = {
			isa = XCBuildConfiguration;
			buildSettings = {
				ALWAYS_SEARCH_USER_PATHS = NO;
				CLANG_ANALYZER_NONNULL = YES;
				CLANG_ANALYZER_NUMBER_OBJECT_CONVERSION = YES_AGGRESSIVE;
				CLANG_CXX_LANGUAGE_STANDARD = "gnu++20";
				CLANG_ENABLE_MODULES = YES;
				CLANG_ENABLE_OBJC_ARC = YES;
				CLANG_ENABLE_OBJC_WEAK = YES;
				CLANG_WARN_BLOCK_CAPTURE_AUTORELEASING = YES;
				CLANG_WARN_BOOL_CONVERSION = YES;
				CLANG_WARN_COMMA = YES;
				CLANG_WARN_CONSTANT_CONVERSION = YES;
				CLANG_WARN_DEPRECATED_OBJC_IMPLEMENTATIONS = YES;
				CLANG_WARN_DIRECT_OBJC_ISA_USAGE = YES_ERROR;
				CLANG_WARN_DOCUMENTATION_COMMENTS = YES;
				CLANG_WARN_EMPTY_BODY = YES;
				CLANG_WARN_ENUM_CONVERSION = YES;
				CLANG_WARN_INFINITE_RECURSION = YES;
				CLANG_WARN_INT_CONVERSION = YES;
				CLANG_WARN_NON_LITERAL_NULL_CONVERSION = YES;
				CLANG_WARN_OBJC_IMPLICIT_RETAIN_SELF = YES;
				CLANG_WARN_OBJC_LITERAL_CONVERSION = YES;
				CLANG_WARN_OBJC_ROOT_CLASS = YES_ERROR;
				CLANG_WARN_QUOTED_INCLUDE_IN_FRAMEWORK_HEADER = YES;
				CLANG_WARN_RANGE_LOOP_ANALYSIS = YES;
				CLANG_WARN_STRICT_PROTOTYPES = YES;
				CLANG_WARN_SUSPICIOUS_MOVE = YES;
				CLANG_WARN_UNGUARDED_AVAILABILITY = YES_AGGRESSIVE;
				CLANG_WARN_UNREACHABLE_CODE = YES;
				CLANG_WARN__DUPLICATE_METHOD_MATCH = YES;
				COPY_PHASE_STRIP = NO;
				DEBUG_INFORMATION_FORMAT = "dwarf-with-dsym";
				ENABLE_NS_ASSERTIONS = NO;
				ENABLE_STRICT_OBJC_MSGSEND = YES;
				GCC_C_LANGUAGE_STANDARD = gnu11;
				GCC_NO_COMMON_BLOCKS = YES;
				GCC_WARN_64_TO_32_BIT_CONVERSION = YES;
				GCC_WARN_ABOUT_RETURN_TYPE = YES_ERROR;
				GCC_WARN_UNDECLARED_SELECTOR = YES;
				GCC_WARN_UNINITIALIZED_AUTOS = YES_AGGRESSIVE;
				GCC_WARN_UNUSED_FUNCTION = YES;
				GCC_WARN_UNUSED_VARIABLE = YES;
				IPHONEOS_DEPLOYMENT_TARGET = 16.4;
				MTL_ENABLE_DEBUG_INFO = NO;
				MTL_FAST_MATH = YES;
				SDKROOT = iphoneos;
				SWIFT_COMPILATION_MODE = wholemodule;
				SWIFT_OPTIMIZATION_LEVEL = "-O";
				VALIDATE_PRODUCT = YES;
			};
			name = Release;
		};
		0FA3684C2A740C6F00E63890 /* Debug */ = {
			isa = XCBuildConfiguration;
			buildSettings = {
				ASSETCATALOG_COMPILER_APPICON_NAME = AppIcon;
				ASSETCATALOG_COMPILER_GLOBAL_ACCENT_COLOR_NAME = AccentColor;
				CODE_SIGN_STYLE = Automatic;
				CURRENT_PROJECT_VERSION = 1;
				GENERATE_INFOPLIST_FILE = YES;
				INFOPLIST_FILE = aaa/Info.plist;
				INFOPLIST_KEY_UIApplicationSupportsIndirectInputEvents = YES;
				INFOPLIST_KEY_UILaunchStoryboardName = LaunchScreen;
				INFOPLIST_KEY_UISupportedInterfaceOrientations_iPad = "UIInterfaceOrientationPortrait UIInterfaceOrientationPortraitUpsideDown UIInterfaceOrientationLandscapeLeft UIInterfaceOrientationLandscapeRight";
				INFOPLIST_KEY_UISupportedInterfaceOrientations_iPhone = "UIInterfaceOrientationPortrait UIInterfaceOrientationLandscapeLeft UIInterfaceOrientationLandscapeRight";
				LD_RUNPATH_SEARCH_PATHS = (
					"$(inherited)",
					"@executable_path/Frameworks",
				);
				MARKETING_VERSION = 1.0;
				PRODUCT_BUNDLE_IDENTIFIER = com.my.aaa;
				PRODUCT_NAME = "$(TARGET_NAME)";
				SWIFT_EMIT_LOC_STRINGS = YES;
				SWIFT_VERSION = 5.0;
				TARGETED_DEVICE_FAMILY = "1,2";
			};
			name = Debug;
		};
		0FA3684D2A740C6F00E63890 /* Release */ = {
			isa = XCBuildConfiguration;
			buildSettings = {
				ASSETCATALOG_COMPILER_APPICON_NAME = AppIcon;
				ASSETCATALOG_COMPILER_GLOBAL_ACCENT_COLOR_NAME = AccentColor;
				CODE_SIGN_STYLE = Automatic;
				CURRENT_PROJECT_VERSION = 1;
				GENERATE_INFOPLIST_FILE = YES;
				INFOPLIST_FILE = aaa/Info.plist;
				INFOPLIST_KEY_UIApplicationSupportsIndirectInputEvents = YES;
				INFOPLIST_KEY_UILaunchStoryboardName = LaunchScreen;
				INFOPLIST_KEY_UISupportedInterfaceOrientations_iPad = "UIInterfaceOrientationPortrait UIInterfaceOrientationPortraitUpsideDown UIInterfaceOrientationLandscapeLeft UIInterfaceOrientationLandscapeRight";
				INFOPLIST_KEY_UISupportedInterfaceOrientations_iPhone = "UIInterfaceOrientationPortrait UIInterfaceOrientationLandscapeLeft UIInterfaceOrientationLandscapeRight";
				LD_RUNPATH_SEARCH_PATHS = (
					"$(inherited)",
					"@executable_path/Frameworks",
				);
				MARKETING_VERSION = 1.0;
				PRODUCT_BUNDLE_IDENTIFIER = com.my.aaa;
				PRODUCT_NAME = "$(TARGET_NAME)";
				SWIFT_EMIT_LOC_STRINGS = YES;
				SWIFT_VERSION = 5.0;
				TARGETED_DEVICE_FAMILY = "1,2";
			};
			name = Release;
		};
/* End XCBuildConfiguration section */

/* Begin XCConfigurationList section */
		0FA368322A740C6D00E63890 /* Build configuration list for PBXProject "aaa" */ = {
			isa = XCConfigurationList;
			buildConfigurations = (
				0FA368492A740C6F00E63890 /* Debug */,
				0FA3684A2A740C6F00E63890 /* Release */,
			);
			defaultConfigurationIsVisible = 0;
			defaultConfigurationName = Release;
		};
		0FA3684B2A740C6F00E63890 /* Build configuration list for PBXNativeTarget "RealmDemo" */ = {
			isa = XCConfigurationList;
			buildConfigurations = (
				0FA3684C2A740C6F00E63890 /* Debug */,
				0FA3684D2A740C6F00E63890 /* Release */,
			);
			defaultConfigurationIsVisible = 0;
			defaultConfigurationName = Release;
		};
/* End XCConfigurationList section */

/* Begin XCRemoteSwiftPackageReference section */
		0FA3685D2A740FE400E63890 /* XCRemoteSwiftPackageReference "realm-swift" */ = {
			isa = XCRemoteSwiftPackageReference;
			repositoryURL = "https://github.com/realm/realm-swift";
			requirement = {
				branch = master;
				kind = branch;
			};
		};
/* End XCRemoteSwiftPackageReference section */

/* Begin XCSwiftPackageProductDependency section */
		0FA3685E2A740FE400E63890 /* Realm */ = {
			isa = XCSwiftPackageProductDependency;
			package = 0FA3685D2A740FE400E63890 /* XCRemoteSwiftPackageReference "realm-swift" */;
			productName = Realm;
		};
		0FA368602A740FE400E63890 /* RealmSwift */ = {
			isa = XCSwiftPackageProductDependency;
			package = 0FA3685D2A740FE400E63890 /* XCRemoteSwiftPackageReference "realm-swift" */;
			productName = RealmSwift;
		};
/* End XCSwiftPackageProductDependency section */
	};
	rootObject = 0FA3682F2A740C6D00E63890 /* Project object */;
}
